// !$*UTF8*$!
{
	archiveVersion = 1;
	classes = {
	};
	objectVersion = 48;
	objects = {

/* Begin PBXBuildFile section */
		22658FBB202FD9010061B220 /* Localizable.strings in Resources */ = {isa = PBXBuildFile; fileRef = 22658FBD202FD9010061B220 /* Localizable.strings */; };
		22658FCA202FE4570061B220 /* InfoPlist.strings in Resources */ = {isa = PBXBuildFile; fileRef = 22658FCC202FE4570061B220 /* InfoPlist.strings */; };
		2292E18D1FEBE4C5001524FB /* AppDelegate.swift in Sources */ = {isa = PBXBuildFile; fileRef = 2292E18C1FEBE4C5001524FB /* AppDelegate.swift */; };
		2292E18F1FEBE4C5001524FB /* ViewController.swift in Sources */ = {isa = PBXBuildFile; fileRef = 2292E18E1FEBE4C5001524FB /* ViewController.swift */; };
		2292E1921FEBE4C5001524FB /* Main.storyboard in Resources */ = {isa = PBXBuildFile; fileRef = 2292E1901FEBE4C5001524FB /* Main.storyboard */; };
		2292E1971FEBE4C5001524FB /* LaunchScreen.storyboard in Resources */ = {isa = PBXBuildFile; fileRef = 2292E1951FEBE4C5001524FB /* LaunchScreen.storyboard */; };
		2292E19F1FEFBC7F001524FB /* Player.swift in Sources */ = {isa = PBXBuildFile; fileRef = 2292E19E1FEFBC7F001524FB /* Player.swift */; };
		22EBE96D204588A000417239 /* StoreKit.framework in Frameworks */ = {isa = PBXBuildFile; fileRef = 22EBE96C204588A000417239 /* StoreKit.framework */; };
		22F6A01120426C0D0063FDC6 /* Assets.xcassets in Resources */ = {isa = PBXBuildFile; fileRef = 22F6A01020426C0D0063FDC6 /* Assets.xcassets */; };
		22F6A01320426F130063FDC6 /* ThemeTableViewController.swift in Sources */ = {isa = PBXBuildFile; fileRef = 22F6A01220426F130063FDC6 /* ThemeTableViewController.swift */; };
		22F6A018204270D60063FDC6 /* Theme.swift in Sources */ = {isa = PBXBuildFile; fileRef = 22F6A017204270D60063FDC6 /* Theme.swift */; };
		22F6A01A20427F5D0063FDC6 /* ThemeController.swift in Sources */ = {isa = PBXBuildFile; fileRef = 22F6A01920427F5D0063FDC6 /* ThemeController.swift */; };
		22F6A01C204285BC0063FDC6 /* ThemeDetailViewController.swift in Sources */ = {isa = PBXBuildFile; fileRef = 22F6A01B204285BC0063FDC6 /* ThemeDetailViewController.swift */; };
/* End PBXBuildFile section */

/* Begin PBXFileReference section */
		22658FB3202FCFDB0061B220 /* ja */ = {isa = PBXFileReference; lastKnownFileType = text.plist.strings; name = ja; path = ja.lproj/Main.strings; sourceTree = "<group>"; };
		22658FB4202FD7AA0061B220 /* zh-Hans */ = {isa = PBXFileReference; lastKnownFileType = text.plist.strings; name = "zh-Hans"; path = "zh-Hans.lproj/Main.strings"; sourceTree = "<group>"; };
		22658FBE202FD9050061B220 /* ja */ = {isa = PBXFileReference; lastKnownFileType = text.plist.strings; name = ja; path = ja.lproj/Localizable.strings; sourceTree = "<group>"; };
		22658FBF202FD9060061B220 /* zh-Hans */ = {isa = PBXFileReference; lastKnownFileType = text.plist.strings; name = "zh-Hans"; path = "zh-Hans.lproj/Localizable.strings"; sourceTree = "<group>"; };
		22658FC0202FDAF00061B220 /* Base */ = {isa = PBXFileReference; lastKnownFileType = text.plist.strings; name = Base; path = Base.lproj/Localizable.strings; sourceTree = "<group>"; };
		22658FCB202FE4570061B220 /* en */ = {isa = PBXFileReference; lastKnownFileType = text.plist.strings; name = en; path = en.lproj/InfoPlist.strings; sourceTree = "<group>"; };
		22658FCD202FE48E0061B220 /* Base */ = {isa = PBXFileReference; lastKnownFileType = text.plist.strings; name = Base; path = Base.lproj/InfoPlist.strings; sourceTree = "<group>"; };
		22658FCE202FE4900061B220 /* ja */ = {isa = PBXFileReference; lastKnownFileType = text.plist.strings; name = ja; path = ja.lproj/InfoPlist.strings; sourceTree = "<group>"; };
		22658FCF202FE4910061B220 /* zh-Hans */ = {isa = PBXFileReference; lastKnownFileType = text.plist.strings; name = "zh-Hans"; path = "zh-Hans.lproj/InfoPlist.strings"; sourceTree = "<group>"; };
		2292E1891FEBE4C5001524FB /* TableTennisScore.app */ = {isa = PBXFileReference; explicitFileType = wrapper.application; includeInIndex = 0; path = TableTennisScore.app; sourceTree = BUILT_PRODUCTS_DIR; };
		2292E18C1FEBE4C5001524FB /* AppDelegate.swift */ = {isa = PBXFileReference; lastKnownFileType = sourcecode.swift; path = AppDelegate.swift; sourceTree = "<group>"; };
		2292E18E1FEBE4C5001524FB /* ViewController.swift */ = {isa = PBXFileReference; lastKnownFileType = sourcecode.swift; path = ViewController.swift; sourceTree = "<group>"; };
		2292E1911FEBE4C5001524FB /* Base */ = {isa = PBXFileReference; lastKnownFileType = file.storyboard; name = Base; path = Base.lproj/Main.storyboard; sourceTree = "<group>"; };
		2292E1961FEBE4C5001524FB /* Base */ = {isa = PBXFileReference; lastKnownFileType = file.storyboard; name = Base; path = Base.lproj/LaunchScreen.storyboard; sourceTree = "<group>"; };
		2292E1981FEBE4C5001524FB /* Info.plist */ = {isa = PBXFileReference; lastKnownFileType = text.plist.xml; path = Info.plist; sourceTree = "<group>"; };
		2292E19E1FEFBC7F001524FB /* Player.swift */ = {isa = PBXFileReference; lastKnownFileType = sourcecode.swift; path = Player.swift; sourceTree = "<group>"; };
		22EBE96C204588A000417239 /* StoreKit.framework */ = {isa = PBXFileReference; lastKnownFileType = wrapper.framework; name = StoreKit.framework; path = System/Library/Frameworks/StoreKit.framework; sourceTree = SDKROOT; };
		22F6A01020426C0D0063FDC6 /* Assets.xcassets */ = {isa = PBXFileReference; lastKnownFileType = folder.assetcatalog; path = Assets.xcassets; sourceTree = "<group>"; };
		22F6A01220426F130063FDC6 /* ThemeTableViewController.swift */ = {isa = PBXFileReference; lastKnownFileType = sourcecode.swift; path = ThemeTableViewController.swift; sourceTree = "<group>"; };
		22F6A017204270D60063FDC6 /* Theme.swift */ = {isa = PBXFileReference; lastKnownFileType = sourcecode.swift; path = Theme.swift; sourceTree = "<group>"; };
		22F6A01920427F5D0063FDC6 /* ThemeController.swift */ = {isa = PBXFileReference; lastKnownFileType = sourcecode.swift; path = ThemeController.swift; sourceTree = "<group>"; };
		22F6A01B204285BC0063FDC6 /* ThemeDetailViewController.swift */ = {isa = PBXFileReference; lastKnownFileType = sourcecode.swift; path = ThemeDetailViewController.swift; sourceTree = "<group>"; };
/* End PBXFileReference section */

/* Begin PBXFrameworksBuildPhase section */
		2292E1861FEBE4C5001524FB /* Frameworks */ = {
			isa = PBXFrameworksBuildPhase;
			buildActionMask = 2147483647;
			files = (
				22EBE96D204588A000417239 /* StoreKit.framework in Frameworks */,
			);
			runOnlyForDeploymentPostprocessing = 0;
		};
/* End PBXFrameworksBuildPhase section */

/* Begin PBXGroup section */
		2292E1801FEBE4C5001524FB = {
			isa = PBXGroup;
			children = (
				2292E18B1FEBE4C5001524FB /* TableTennisScore */,
				2292E18A1FEBE4C5001524FB /* Products */,
				22EBE96B204588A000417239 /* Frameworks */,
			);
			sourceTree = "<group>";
		};
		2292E18A1FEBE4C5001524FB /* Products */ = {
			isa = PBXGroup;
			children = (
				2292E1891FEBE4C5001524FB /* TableTennisScore.app */,
			);
			name = Products;
			sourceTree = "<group>";
		};
		2292E18B1FEBE4C5001524FB /* TableTennisScore */ = {
			isa = PBXGroup;
			children = (
				22F6A01020426C0D0063FDC6 /* Assets.xcassets */,
				2292E18C1FEBE4C5001524FB /* AppDelegate.swift */,
				2292E1901FEBE4C5001524FB /* Main.storyboard */,
				2292E1951FEBE4C5001524FB /* LaunchScreen.storyboard */,
				2292E1981FEBE4C5001524FB /* Info.plist */,
				22658FBD202FD9010061B220 /* Localizable.strings */,
				22658FCC202FE4570061B220 /* InfoPlist.strings */,
				2292E18E1FEBE4C5001524FB /* ViewController.swift */,
				22F6A01220426F130063FDC6 /* ThemeTableViewController.swift */,
				22F6A01B204285BC0063FDC6 /* ThemeDetailViewController.swift */,
				2292E19E1FEFBC7F001524FB /* Player.swift */,
				22F6A017204270D60063FDC6 /* Theme.swift */,
				22F6A01920427F5D0063FDC6 /* ThemeController.swift */,
			);
			path = TableTennisScore;
			sourceTree = "<group>";
		};
		22EBE96B204588A000417239 /* Frameworks */ = {
			isa = PBXGroup;
			children = (
				22EBE96C204588A000417239 /* StoreKit.framework */,
			);
			name = Frameworks;
			sourceTree = "<group>";
		};
/* End PBXGroup section */

/* Begin PBXNativeTarget section */
		2292E1881FEBE4C5001524FB /* TableTennisScore */ = {
			isa = PBXNativeTarget;
			buildConfigurationList = 2292E19B1FEBE4C5001524FB /* Build configuration list for PBXNativeTarget "TableTennisScore" */;
			buildPhases = (
				2292E1851FEBE4C5001524FB /* Sources */,
				2292E1861FEBE4C5001524FB /* Frameworks */,
				2292E1871FEBE4C5001524FB /* Resources */,
			);
			buildRules = (
			);
			dependencies = (
			);
			name = TableTennisScore;
			productName = TableTennisScore;
			productReference = 2292E1891FEBE4C5001524FB /* TableTennisScore.app */;
			productType = "com.apple.product-type.application";
		};
/* End PBXNativeTarget section */

/* Begin PBXProject section */
		2292E1811FEBE4C5001524FB /* Project object */ = {
			isa = PBXProject;
			attributes = {
				LastSwiftUpdateCheck = 0920;
				LastUpgradeCheck = 0920;
				ORGANIZATIONNAME = "Ma Xueyuan";
				TargetAttributes = {
					2292E1881FEBE4C5001524FB = {
						CreatedOnToolsVersion = 9.2;
						ProvisioningStyle = Automatic;
						SystemCapabilities = {
							com.apple.InAppPurchase = {
								enabled = 1;
							};
						};
					};
				};
			};
			buildConfigurationList = 2292E1841FEBE4C5001524FB /* Build configuration list for PBXProject "TableTennisScore" */;
			compatibilityVersion = "Xcode 8.0";
			developmentRegion = en;
			hasScannedForEncodings = 0;
			knownRegions = (
				en,
				Base,
				ja,
				"zh-Hans",
			);
			mainGroup = 2292E1801FEBE4C5001524FB;
			productRefGroup = 2292E18A1FEBE4C5001524FB /* Products */;
			projectDirPath = "";
			projectRoot = "";
			targets = (
				2292E1881FEBE4C5001524FB /* TableTennisScore */,
			);
		};
/* End PBXProject section */

/* Begin PBXResourcesBuildPhase section */
		2292E1871FEBE4C5001524FB /* Resources */ = {
			isa = PBXResourcesBuildPhase;
			buildActionMask = 2147483647;
			files = (
				2292E1971FEBE4C5001524FB /* LaunchScreen.storyboard in Resources */,
				22658FBB202FD9010061B220 /* Localizable.strings in Resources */,
				2292E1921FEBE4C5001524FB /* Main.storyboard in Resources */,
				22658FCA202FE4570061B220 /* InfoPlist.strings in Resources */,
				22F6A01120426C0D0063FDC6 /* Assets.xcassets in Resources */,
			);
			runOnlyForDeploymentPostprocessing = 0;
		};
/* End PBXResourcesBuildPhase section */

/* Begin PBXSourcesBuildPhase section */
		2292E1851FEBE4C5001524FB /* Sources */ = {
			isa = PBXSourcesBuildPhase;
			buildActionMask = 2147483647;
			files = (
				22F6A01A20427F5D0063FDC6 /* ThemeController.swift in Sources */,
				22F6A01C204285BC0063FDC6 /* ThemeDetailViewController.swift in Sources */,
				2292E18F1FEBE4C5001524FB /* ViewController.swift in Sources */,
				2292E19F1FEFBC7F001524FB /* Player.swift in Sources */,
				22F6A018204270D60063FDC6 /* Theme.swift in Sources */,
				2292E18D1FEBE4C5001524FB /* AppDelegate.swift in Sources */,
				22F6A01320426F130063FDC6 /* ThemeTableViewController.swift in Sources */,
			);
			runOnlyForDeploymentPostprocessing = 0;
		};
/* End PBXSourcesBuildPhase section */

/* Begin PBXVariantGroup section */
		22658FBD202FD9010061B220 /* Localizable.strings */ = {
			isa = PBXVariantGroup;
			children = (
				22658FBE202FD9050061B220 /* ja */,
				22658FBF202FD9060061B220 /* zh-Hans */,
				22658FC0202FDAF00061B220 /* Base */,
			);
			name = Localizable.strings;
			sourceTree = "<group>";
		};
		22658FCC202FE4570061B220 /* InfoPlist.strings */ = {
			isa = PBXVariantGroup;
			children = (
				22658FCB202FE4570061B220 /* en */,
				22658FCD202FE48E0061B220 /* Base */,
				22658FCE202FE4900061B220 /* ja */,
				22658FCF202FE4910061B220 /* zh-Hans */,
			);
			name = InfoPlist.strings;
			sourceTree = "<group>";
		};
		2292E1901FEBE4C5001524FB /* Main.storyboard */ = {
			isa = PBXVariantGroup;
			children = (
				2292E1911FEBE4C5001524FB /* Base */,
				22658FB3202FCFDB0061B220 /* ja */,
				22658FB4202FD7AA0061B220 /* zh-Hans */,
			);
			name = Main.storyboard;
			sourceTree = "<group>";
		};
		2292E1951FEBE4C5001524FB /* LaunchScreen.storyboard */ = {
			isa = PBXVariantGroup;
			children = (
				2292E1961FEBE4C5001524FB /* Base */,
			);
			name = LaunchScreen.storyboard;
			sourceTree = "<group>";
		};
/* End PBXVariantGroup section */

/* Begin XCBuildConfiguration section */
		2292E1991FEBE4C5001524FB /* Debug */ = {
			isa = XCBuildConfiguration;
			buildSettings = {
				ALWAYS_SEARCH_USER_PATHS = NO;
				CLANG_ANALYZER_LOCALIZABILITY_NONLOCALIZED = YES;
				CLANG_ANALYZER_NONNULL = YES;
				CLANG_ANALYZER_NUMBER_OBJECT_CONVERSION = YES_AGGRESSIVE;
				CLANG_CXX_LANGUAGE_STANDARD = "gnu++14";
				CLANG_CXX_LIBRARY = "libc++";
				CLANG_ENABLE_MODULES = YES;
				CLANG_ENABLE_OBJC_ARC = YES;
				CLANG_WARN_BLOCK_CAPTURE_AUTORELEASING = YES;
				CLANG_WARN_BOOL_CONVERSION = YES;
				CLANG_WARN_COMMA = YES;
				CLANG_WARN_CONSTANT_CONVERSION = YES;
				CLANG_WARN_DIRECT_OBJC_ISA_USAGE = YES_ERROR;
				CLANG_WARN_DOCUMENTATION_COMMENTS = YES;
				CLANG_WARN_EMPTY_BODY = YES;
				CLANG_WARN_ENUM_CONVERSION = YES;
				CLANG_WARN_INFINITE_RECURSION = YES;
				CLANG_WARN_INT_CONVERSION = YES;
				CLANG_WARN_NON_LITERAL_NULL_CONVERSION = YES;
				CLANG_WARN_OBJC_LITERAL_CONVERSION = YES;
				CLANG_WARN_OBJC_ROOT_CLASS = YES_ERROR;
				CLANG_WARN_RANGE_LOOP_ANALYSIS = YES;
				CLANG_WARN_STRICT_PROTOTYPES = YES;
				CLANG_WARN_SUSPICIOUS_MOVE = YES;
				CLANG_WARN_UNGUARDED_AVAILABILITY = YES_AGGRESSIVE;
				CLANG_WARN_UNREACHABLE_CODE = YES;
				CLANG_WARN__DUPLICATE_METHOD_MATCH = YES;
				CODE_SIGN_IDENTITY = "iPhone Developer";
				COPY_PHASE_STRIP = NO;
				DEBUG_INFORMATION_FORMAT = dwarf;
				ENABLE_STRICT_OBJC_MSGSEND = YES;
				ENABLE_TESTABILITY = YES;
				GCC_C_LANGUAGE_STANDARD = gnu11;
				GCC_DYNAMIC_NO_PIC = NO;
				GCC_NO_COMMON_BLOCKS = YES;
				GCC_OPTIMIZATION_LEVEL = 0;
				GCC_PREPROCESSOR_DEFINITIONS = (
					"DEBUG=1",
					"$(inherited)",
				);
				GCC_WARN_64_TO_32_BIT_CONVERSION = YES;
				GCC_WARN_ABOUT_RETURN_TYPE = YES_ERROR;
				GCC_WARN_UNDECLARED_SELECTOR = YES;
				GCC_WARN_UNINITIALIZED_AUTOS = YES_AGGRESSIVE;
				GCC_WARN_UNUSED_FUNCTION = YES;
				GCC_WARN_UNUSED_VARIABLE = YES;
				IPHONEOS_DEPLOYMENT_TARGET = 11.2;
				MTL_ENABLE_DEBUG_INFO = YES;
				ONLY_ACTIVE_ARCH = YES;
				SDKROOT = iphoneos;
				SWIFT_ACTIVE_COMPILATION_CONDITIONS = DEBUG;
				SWIFT_OPTIMIZATION_LEVEL = "-Onone";
			};
			name = Debug;
		};
		2292E19A1FEBE4C5001524FB /* Release */ = {
			isa = XCBuildConfiguration;
			buildSettings = {
				ALWAYS_SEARCH_USER_PATHS = NO;
				CLANG_ANALYZER_LOCALIZABILITY_NONLOCALIZED = YES;
				CLANG_ANALYZER_NONNULL = YES;
				CLANG_ANALYZER_NUMBER_OBJECT_CONVERSION = YES_AGGRESSIVE;
				CLANG_CXX_LANGUAGE_STANDARD = "gnu++14";
				CLANG_CXX_LIBRARY = "libc++";
				CLANG_ENABLE_MODULES = YES;
				CLANG_ENABLE_OBJC_ARC = YES;
				CLANG_WARN_BLOCK_CAPTURE_AUTORELEASING = YES;
				CLANG_WARN_BOOL_CONVERSION = YES;
				CLANG_WARN_COMMA = YES;
				CLANG_WARN_CONSTANT_CONVERSION = YES;
				CLANG_WARN_DIRECT_OBJC_ISA_USAGE = YES_ERROR;
				CLANG_WARN_DOCUMENTATION_COMMENTS = YES;
				CLANG_WARN_EMPTY_BODY = YES;
				CLANG_WARN_ENUM_CONVERSION = YES;
				CLANG_WARN_INFINITE_RECURSION = YES;
				CLANG_WARN_INT_CONVERSION = YES;
				CLANG_WARN_NON_LITERAL_NULL_CONVERSION = YES;
				CLANG_WARN_OBJC_LITERAL_CONVERSION = YES;
				CLANG_WARN_OBJC_ROOT_CLASS = YES_ERROR;
				CLANG_WARN_RANGE_LOOP_ANALYSIS = YES;
				CLANG_WARN_STRICT_PROTOTYPES = YES;
				CLANG_WARN_SUSPICIOUS_MOVE = YES;
				CLANG_WARN_UNGUARDED_AVAILABILITY = YES_AGGRESSIVE;
				CLANG_WARN_UNREACHABLE_CODE = YES;
				CLANG_WARN__DUPLICATE_METHOD_MATCH = YES;
				CODE_SIGN_IDENTITY = "iPhone Developer";
				COPY_PHASE_STRIP = NO;
				DEBUG_INFORMATION_FORMAT = "dwarf-with-dsym";
				ENABLE_NS_ASSERTIONS = NO;
				ENABLE_STRICT_OBJC_MSGSEND = YES;
				GCC_C_LANGUAGE_STANDARD = gnu11;
				GCC_NO_COMMON_BLOCKS = YES;
				GCC_WARN_64_TO_32_BIT_CONVERSION = YES;
				GCC_WARN_ABOUT_RETURN_TYPE = YES_ERROR;
				GCC_WARN_UNDECLARED_SELECTOR = YES;
				GCC_WARN_UNINITIALIZED_AUTOS = YES_AGGRESSIVE;
				GCC_WARN_UNUSED_FUNCTION = YES;
				GCC_WARN_UNUSED_VARIABLE = YES;
				IPHONEOS_DEPLOYMENT_TARGET = 11.2;
				MTL_ENABLE_DEBUG_INFO = NO;
				SDKROOT = iphoneos;
				SWIFT_OPTIMIZATION_LEVEL = "-Owholemodule";
				VALIDATE_PRODUCT = YES;
			};
			name = Release;
		};
		2292E19C1FEBE4C5001524FB /* Debug */ = {
			isa = XCBuildConfiguration;
			buildSettings = {
				ASSETCATALOG_COMPILER_APPICON_NAME = AppIcon;
				CODE_SIGN_STYLE = Automatic;
				DEVELOPMENT_TEAM = EQC88F8HW8;
				INFOPLIST_FILE = TableTennisScore/Info.plist;
				LD_RUNPATH_SEARCH_PATHS = "$(inherited) @executable_path/Frameworks";
				PRODUCT_BUNDLE_IDENTIFIER = mxy.TableTennisScore;
				PRODUCT_NAME = "$(TARGET_NAME)";
				SWIFT_VERSION = 4.0;
				TARGETED_DEVICE_FAMILY = "1,2";
			};
			name = Debug;
		};
		2292E19D1FEBE4C5001524FB /* Release */ = {
			isa = XCBuildConfiguration;
			buildSettings = {
				ASSETCATALOG_COMPILER_APPICON_NAME = AppIcon;
				CODE_SIGN_STYLE = Automatic;
				DEVELOPMENT_TEAM = EQC88F8HW8;
				INFOPLIST_FILE = TableTennisScore/Info.plist;
				LD_RUNPATH_SEARCH_PATHS = "$(inherited) @executable_path/Frameworks";
				PRODUCT_BUNDLE_IDENTIFIER = mxy.TableTennisScore;
				PRODUCT_NAME = "$(TARGET_NAME)";
				SWIFT_VERSION = 4.0;
				TARGETED_DEVICE_FAMILY = "1,2";
			};
			name = Release;
		};
/* End XCBuildConfiguration section */

/* Begin XCConfigurationList section */
		2292E1841FEBE4C5001524FB /* Build configuration list for PBXProject "TableTennisScore" */ = {
			isa = XCConfigurationList;
			buildConfigurations = (
				2292E1991FEBE4C5001524FB /* Debug */,
				2292E19A1FEBE4C5001524FB /* Release */,
			);
			defaultConfigurationIsVisible = 0;
			defaultConfigurationName = Release;
		};
		2292E19B1FEBE4C5001524FB /* Build configuration list for PBXNativeTarget "TableTennisScore" */ = {
			isa = XCConfigurationList;
			buildConfigurations = (
				2292E19C1FEBE4C5001524FB /* Debug */,
				2292E19D1FEBE4C5001524FB /* Release */,
			);
			defaultConfigurationIsVisible = 0;
			defaultConfigurationName = Release;
		};
/* End XCConfigurationList section */
	};
	rootObject = 2292E1811FEBE4C5001524FB /* Project object */;
}
